# This file is automatically @generated by Cargo.
# It is not intended for manual editing.
version = 4

[[package]]
name = "aho-corasick"
version = "1.1.4"
source = "registry+https://github.com/rust-lang/crates.io-index"
checksum = "ddd31a130427c27518df266943a5308ed92d4b226cc639f5a8f1002816174301"
dependencies = [
 "memchr",
]

[[package]]
name = "android_log-sys"
version = "0.3.2"
source = "registry+https://github.com/rust-lang/crates.io-index"
checksum = "84521a3cf562bc62942e294181d9eef17eb38ceb8c68677bc49f144e4c3d4f8d"

[[package]]
name = "android_logger"
version = "0.14.1"
source = "registry+https://github.com/rust-lang/crates.io-index"
checksum = "05b07e8e73d720a1f2e4b6014766e6039fd2e96a4fa44e2a78d0e1fa2ff49826"
dependencies = [
 "android_log-sys",
 "env_filter",
 "log",
]

[[package]]
name = "anyhow"
version = "1.0.100"
source = "registry+https://github.com/rust-lang/crates.io-index"
checksum = "a23eb6b1614318a8071c9b2521f36b424b2c83db5eb3a0fead4a6c0809af6e61"

[[package]]
name = "cc"
version = "1.2.44"
source = "registry+https://github.com/rust-lang/crates.io-index"
checksum = "37521ac7aabe3d13122dc382493e20c9416f299d2ccd5b3a5340a2570cdeb0f3"
dependencies = [
 "find-msvc-tools",
 "shlex",
]

[[package]]
name = "device_faker"
version = "1.0.0"
dependencies = [
 "android_logger",
 "anyhow",
 "cc",
 "jni-sys",
 "log",
 "serde",
 "toml",
 "zygisk-rs",
]

[[package]]
name = "env_filter"
version = "0.1.4"
source = "registry+https://github.com/rust-lang/crates.io-index"
checksum = "1bf3c259d255ca70051b30e2e95b5446cdb8949ac4cd22c0d7fd634d89f568e2"
dependencies = [
 "log",
 "regex",
]

[[package]]
name = "equivalent"
version = "1.0.2"
source = "registry+https://github.com/rust-lang/crates.io-index"
checksum = "877a4ace8713b0bcf2a4e7eec82529c029f1d0619886d18145fea96c3ffe5c0f"

[[package]]
name = "find-msvc-tools"
version = "0.1.4"
source = "registry+https://github.com/rust-lang/crates.io-index"
checksum = "52051878f80a721bb68ebfbc930e07b65ba72f2da88968ea5c06fd6ca3d3a127"

[[package]]
name = "hashbrown"
version = "0.16.0"
source = "registry+https://github.com/rust-lang/crates.io-index"
checksum = "5419bdc4f6a9207fbeba6d11b604d481addf78ecd10c11ad51e76c2f6482748d"

[[package]]
name = "indexmap"
version = "2.12.0"
source = "registry+https://github.com/rust-lang/crates.io-index"
checksum = "6717a8d2a5a929a1a2eb43a12812498ed141a0bcfb7e8f7844fbdbe4303bba9f"
dependencies = [
 "equivalent",
 "hashbrown",
]

[[package]]
name = "jni-sys"
version = "0.4.0"
source = "registry+https://github.com/rust-lang/crates.io-index"
checksum = "c30a312d782b8d56a1e0897d45c1af33f31f9b4a4d13d31207a8675e0223b818"
dependencies = [
 "jni-sys-macros",
]

[[package]]
name = "jni-sys-macros"
version = "0.1.0"
source = "registry+https://github.com/rust-lang/crates.io-index"
checksum = "e6c199962dfd5610ced8eca382606e349f7940a4ac7d867b58a046123411cbb4"
dependencies = [
 "quote",
 "syn 1.0.109",
]

[[package]]
name = "libc"
version = "0.2.177"
source = "registry+https://github.com/rust-lang/crates.io-index"
checksum = "2874a2af47a2325c2001a6e6fad9b16a53b802102b528163885171cf92b15976"

[[package]]
name = "log"
version = "0.4.28"
source = "registry+https://github.com/rust-lang/crates.io-index"
checksum = "34080505efa8e45a4b816c349525ebe327ceaa8559756f0356cba97ef3bf7432"

[[package]]
name = "memchr"
version = "2.7.6"
source = "registry+https://github.com/rust-lang/crates.io-index"
checksum = "f52b00d39961fc5b2736ea853c9cc86238e165017a493d1d5c8eac6bdc4cc273"

[[package]]
name = "proc-macro2"
version = "1.0.103"
source = "registry+https://github.com/rust-lang/crates.io-index"
checksum = "5ee95bc4ef87b8d5ba32e8b7714ccc834865276eab0aed5c9958d00ec45f49e8"
dependencies = [
 "unicode-ident",
]

[[package]]
name = "quote"
version = "1.0.41"
source = "registry+https://github.com/rust-lang/crates.io-index"
checksum = "ce25767e7b499d1b604768e7cde645d14cc8584231ea6b295e9c9eb22c02e1d1"
dependencies = [
 "proc-macro2",
]

[[package]]
name = "regex"
version = "1.12.2"
source = "registry+https://github.com/rust-lang/crates.io-index"
checksum = "843bc0191f75f3e22651ae5f1e72939ab2f72a4bc30fa80a066bd66edefc24d4"
dependencies = [
 "aho-corasick",
 "memchr",
 "regex-automata",
 "regex-syntax",
]

[[package]]
name = "regex-automata"
version = "0.4.13"
source = "registry+https://github.com/rust-lang/crates.io-index"
checksum = "5276caf25ac86c8d810222b3dbb938e512c55c6831a10f3e6ed1c93b84041f1c"
dependencies = [
 "aho-corasick",
 "memchr",
 "regex-syntax",
]

[[package]]
name = "regex-syntax"
version = "0.8.8"
source = "registry+https://github.com/rust-lang/crates.io-index"
checksum = "7a2d987857b319362043e95f5353c0535c1f58eec5336fdfcf626430af7def58"

[[package]]
name = "serde"
version = "1.0.228"
source = "registry+https://github.com/rust-lang/crates.io-index"
checksum = "9a8e94ea7f378bd32cbbd37198a4a91436180c5bb472411e48b5ec2e2124ae9e"
dependencies = [
 "serde_core",
 "serde_derive",
]

[[package]]
name = "serde_core"
version = "1.0.228"
source = "registry+https://github.com/rust-lang/crates.io-index"
checksum = "41d385c7d4ca58e59fc732af25c3983b67ac852c1a25000afe1175de458b67ad"
dependencies = [
 "serde_derive",
]

[[package]]
name = "serde_derive"
version = "1.0.228"
source = "registry+https://github.com/rust-lang/crates.io-index"
checksum = "d540f220d3187173da220f885ab66608367b6574e925011a9353e4badda91d79"
dependencies = [
 "proc-macro2",
 "quote",
 "syn 2.0.108",
]

[[package]]
name = "serde_spanned"
version = "0.6.9"
source = "registry+https://github.com/rust-lang/crates.io-index"
checksum = "bf41e0cfaf7226dca15e8197172c295a782857fcb97fad1808a166870dee75a3"
dependencies = [
 "serde",
]

[[package]]
name = "shlex"
version = "1.3.0"
source = "registry+https://github.com/rust-lang/crates.io-index"
checksum = "0fda2ff0d084019ba4d7c6f371c95d8fd75ce3524c3cb8fb653a3023f6323e64"

[[package]]
name = "syn"
version = "1.0.109"
source = "registry+https://github.com/rust-lang/crates.io-index"
checksum = "72b64191b275b66ffe2469e8af2c1cfe3bafa67b529ead792a6d0160888b4237"
dependencies = [
 "proc-macro2",
 "quote",
 "unicode-ident",
]

[[package]]
name = "syn"
version = "2.0.108"
source = "registry+https://github.com/rust-lang/crates.io-index"
checksum = "da58917d35242480a05c2897064da0a80589a2a0476c9a3f2fdc83b53502e917"
dependencies = [
 "proc-macro2",
 "quote",
 "unicode-ident",
]

[[package]]
name = "toml"
version = "0.8.23"
source = "registry+https://github.com/rust-lang/crates.io-index"
checksum = "dc1beb996b9d83529a9e75c17a1686767d148d70663143c7854d8b4a09ced362"
dependencies = [
 "serde",
 "serde_spanned",
 "toml_datetime",
 "toml_edit",
]

[[package]]
name = "toml_datetime"
version = "0.6.11"
source = "registry+https://github.com/rust-lang/crates.io-index"
checksum = "22cddaf88f4fbc13c51aebbf5f8eceb5c7c5a9da2ac40a13519eb5b0a0e8f11c"
dependencies = [
 "serde",
]

[[package]]
name = "toml_edit"
version = "0.22.27"
source = "registry+https://github.com/rust-lang/crates.io-index"
checksum = "41fe8c660ae4257887cf66394862d21dbca4a6ddd26f04a3560410406a2f819a"
dependencies = [
 "indexmap",
 "serde",
 "serde_spanned",
 "toml_datetime",
 "winnow",
]

[[package]]
name = "unicode-ident"
version = "1.0.20"
source = "registry+https://github.com/rust-lang/crates.io-index"
checksum = "462eeb75aeb73aea900253ce739c8e18a67423fadf006037cd3ff27e82748a06"

[[package]]
name = "winnow"
version = "0.7.13"
source = "registry+https://github.com/rust-lang/crates.io-index"
checksum = "21a0236b59786fed61e2a80582dd500fe61f18b5dca67a4a067d0bc9039339cf"
dependencies = [
 "memchr",
]

[[package]]
name = "zygisk-rs"
version = "0.1.0"
source = "git+https://github.com/Kr328/zygisk-rs?rev=bf277f9a#bf277f9a40571591d633daebd260446ac554f22d"
dependencies = [
 "jni-sys",
 "libc",
]
